
Microsoft Visual Studio Solution File, Format Version 12.00
# Visual Studio Version 17
VisualStudioVersion = 17.0.32126.317
MinimumVisualStudioVersion = 10.0.40219.1
Project("{FAE04EC0-301F-11D3-BF4B-00C04F79EFBC}") = "Cirmi", "Cirmi\Cirmi.csproj", "{EC65FF0D-0C04-4D26-BF12-6B64805B033C}"
EndProject
Global
	GlobalSection(SolutionConfigurationPlatforms) = preSolution
		Debug|Any CPU = Debug|Any CPU
		Release|Any CPU = Release|Any CPU
	EndGlobalSection
	GlobalSection(ProjectConfigurationPlatforms) = postSolution
		{EC65FF0D-0C04-4D26-BF12-6B64805B033C}.Debug|Any CPU.ActiveCfg = Debug|Any CPU
		{EC65FF0D-0C04-4D26-BF12-6B64805B033C}.Debug|Any CPU.Build.0 = Debug|Any CPU
		{EC65FF0D-0C04-4D26-BF12-6B64805B033C}.Release|Any CPU.ActiveCfg = Release|Any CPU
		{EC65FF0D-0C04-4D26-BF12-6B64805B033C}.Release|Any CPU.Build.0 = Release|Any CPU
	EndGlobalSection
	GlobalSection(SolutionProperties) = preSolution
		HideSolutionNode = FALSE
	EndGlobalSection
	GlobalSection(ExtensibilityGlobals) = postSolution
		SolutionGuid = {28F92B46-DCD3-405F-B579-8B3B6C926105}
	EndGlobalSection
EndGlobal
